
Microsoft Visual Studio Solution File, Format Version 12.00
# Visual Studio Version 17
VisualStudioVersion = 17.3.32611.2
MinimumVisualStudioVersion = 10.0.40219.1
Project("{9A19103F-16F7-4668-BE54-9A1E7A4F7556}") = "williamsteadcom", "williamsteadcom.csproj", "{DE82C604-3741-4313-95DB-8F5F21AA49AA}"
EndProject
Project("{2150E333-8FDC-42A3-9474-1A3956D46DE8}") = "Solution Items", "Solution Items", "{381BA733-FEB9-424B-8D22-8AAC2354D139}"
	ProjectSection(SolutionItems) = preProject
		..\.gitattributes = ..\.gitattributes
		..\.gitignore = ..\.gitignore
		..\.github\workflows\buildanddeploy.yml = ..\.github\workflows\buildanddeploy.yml
		..\README.md = ..\README.md
	EndProjectSection
EndProject
Global
	GlobalSection(SolutionConfigurationPlatforms) = preSolution
		Debug|Any CPU = Debug|Any CPU
		Release|Any CPU = Release|Any CPU
	EndGlobalSection
	GlobalSection(ProjectConfigurationPlatforms) = postSolution
		{DE82C604-3741-4313-95DB-8F5F21AA49AA}.Debug|Any CPU.ActiveCfg = Debug|Any CPU
		{DE82C604-3741-4313-95DB-8F5F21AA49AA}.Debug|Any CPU.Build.0 = Debug|Any CPU
		{DE82C604-3741-4313-95DB-8F5F21AA49AA}.Release|Any CPU.ActiveCfg = Release|Any CPU
		{DE82C604-3741-4313-95DB-8F5F21AA49AA}.Release|Any CPU.Build.0 = Release|Any CPU
	EndGlobalSection
	GlobalSection(SolutionProperties) = preSolution
		HideSolutionNode = FALSE
	EndGlobalSection
	GlobalSection(ExtensibilityGlobals) = postSolution
		SolutionGuid = {CAEA3D99-2757-43DB-AC8A-B937C698C4C6}
	EndGlobalSection
EndGlobal
